
Microsoft Visual Studio Solution File, Format Version 12.00
# Visual Studio Version 17
VisualStudioVersion = 17.5.002.0
MinimumVisualStudioVersion = 10.0.40219.1
Project("{9A19103F-16F7-4668-BE54-9A1E7A4F7556}") = "sem_7", "sem_7.csproj", "{3754FA27-6371-4F6E-AFB1-067719B75D02}"
EndProject
Global
	GlobalSection(SolutionConfigurationPlatforms) = preSolution
		Debug|Any CPU = Debug|Any CPU
		Release|Any CPU = Release|Any CPU
	EndGlobalSection
	GlobalSection(ProjectConfigurationPlatforms) = postSolution
		{3754FA27-6371-4F6E-AFB1-067719B75D02}.Debug|Any CPU.ActiveCfg = Debug|Any CPU
		{3754FA27-6371-4F6E-AFB1-067719B75D02}.Debug|Any CPU.Build.0 = Debug|Any CPU
		{3754FA27-6371-4F6E-AFB1-067719B75D02}.Release|Any CPU.ActiveCfg = Release|Any CPU
		{3754FA27-6371-4F6E-AFB1-067719B75D02}.Release|Any CPU.Build.0 = Release|Any CPU
	EndGlobalSection
	GlobalSection(SolutionProperties) = preSolution
		HideSolutionNode = FALSE
	EndGlobalSection
	GlobalSection(ExtensibilityGlobals) = postSolution
		SolutionGuid = {C99F59A0-A807-4394-A5E6-BEB5EB24F063}
	EndGlobalSection
EndGlobal
